
Microsoft Visual Studio Solution File, Format Version 12.00
Project("{FAE04EC0-301F-11D3-BF4B-00C04F79EFBC}") = "ICETask02", "ICETask02\ICETask02.csproj", "{72C7211D-C78B-40BB-9CF6-24ADE3F0D665}"
EndProject
Global
	GlobalSection(SolutionConfigurationPlatforms) = preSolution
		Debug|Any CPU = Debug|Any CPU
		Release|Any CPU = Release|Any CPU
	EndGlobalSection
	GlobalSection(ProjectConfigurationPlatforms) = postSolution
		{72C7211D-C78B-40BB-9CF6-24ADE3F0D665}.Debug|Any CPU.ActiveCfg = Debug|Any CPU
		{72C7211D-C78B-40BB-9CF6-24ADE3F0D665}.Debug|Any CPU.Build.0 = Debug|Any CPU
		{72C7211D-C78B-40BB-9CF6-24ADE3F0D665}.Release|Any CPU.ActiveCfg = Release|Any CPU
		{72C7211D-C78B-40BB-9CF6-24ADE3F0D665}.Release|Any CPU.Build.0 = Release|Any CPU
	EndGlobalSection
EndGlobal
